
Microsoft Visual Studio Solution File, Format Version 12.00
# Visual Studio 15
Project("{FAE04EC0-301F-11D3-BF4B-00C04F79EFBC}") = "mpg7", "mpg7\mpg7.csproj", "{5B8DF552-E959-40AB-BA68-22ADC3C20FF9}"
EndProject
Global
	GlobalSection(SolutionConfigurationPlatforms) = preSolution
		Debug|Any CPU = Debug|Any CPU
		Release|Any CPU = Release|Any CPU
	EndGlobalSection
	GlobalSection(ProjectConfigurationPlatforms) = postSolution
		{5B8DF552-E959-40AB-BA68-22ADC3C20FF9}.Debug|Any CPU.ActiveCfg = Debug|Any CPU
		{5B8DF552-E959-40AB-BA68-22ADC3C20FF9}.Debug|Any CPU.Build.0 = Debug|Any CPU
		{5B8DF552-E959-40AB-BA68-22ADC3C20FF9}.Release|Any CPU.ActiveCfg = Release|Any CPU
		{5B8DF552-E959-40AB-BA68-22ADC3C20FF9}.Release|Any CPU.Build.0 = Release|Any CPU
	EndGlobalSection
EndGlobal
